// !$*UTF8*$!
{
	archiveVersion = 1;
	classes = {
	};
	objectVersion = 55;
	objects = {

/* Begin PBXBuildFile section */
		37F4AD2D277AD16700941E21 /* AppDelegate.swift in Sources */ = {isa = PBXBuildFile; fileRef = 37F4AD2C277AD16700941E21 /* AppDelegate.swift */; };
		37F4AD2F277AD16700941E21 /* SceneDelegate.swift in Sources */ = {isa = PBXBuildFile; fileRef = 37F4AD2E277AD16700941E21 /* SceneDelegate.swift */; };
		37F4AD31277AD16700941E21 /* MainViewController.swift in Sources */ = {isa = PBXBuildFile; fileRef = 37F4AD30277AD16700941E21 /* MainViewController.swift */; };
		37F4AD34277AD16700941E21 /* Main.storyboard in Resources */ = {isa = PBXBuildFile; fileRef = 37F4AD32277AD16700941E21 /* Main.storyboard */; };
		37F4AD36277AD16A00941E21 /* Assets.xcassets in Resources */ = {isa = PBXBuildFile; fileRef = 37F4AD35277AD16A00941E21 /* Assets.xcassets */; };
		37F4AD39277AD16A00941E21 /* LaunchScreen.storyboard in Resources */ = {isa = PBXBuildFile; fileRef = 37F4AD37277AD16A00941E21 /* LaunchScreen.storyboard */; };
		37F4AD42277AD65F00941E21 /* RecentSearchWordModel.xcdatamodeld in Sources */ = {isa = PBXBuildFile; fileRef = 37F4AD40277AD65F00941E21 /* RecentSearchWordModel.xcdatamodeld */; };
		37F4AD49277AD75600941E21 /* RecentSearchEntity+CoreDataClass.swift in Sources */ = {isa = PBXBuildFile; fileRef = 37F4AD47277AD75600941E21 /* RecentSearchEntity+CoreDataClass.swift */; };
		37F4AD4A277AD75600941E21 /* RecentSearchEntity+CoreDataProperties.swift in Sources */ = {isa = PBXBuildFile; fileRef = 37F4AD48277AD75600941E21 /* RecentSearchEntity+CoreDataProperties.swift */; };
		37F4AD4D277AD84700941E21 /* SYCoreDataManager.swift in Sources */ = {isa = PBXBuildFile; fileRef = 37F4AD4C277AD84700941E21 /* SYCoreDataManager.swift */; };
		37F4AD4F277AE09900941E21 /* SearchViewModel.swift in Sources */ = {isa = PBXBuildFile; fileRef = 37F4AD4E277AE09900941E21 /* SearchViewModel.swift */; };
		37F4AD52277AE2DD00941E21 /* NetworkManager.swift in Sources */ = {isa = PBXBuildFile; fileRef = 37F4AD51277AE2DD00941E21 /* NetworkManager.swift */; };
		37F4AD54277AE7CB00941E21 /* SYError.swift in Sources */ = {isa = PBXBuildFile; fileRef = 37F4AD53277AE7CA00941E21 /* SYError.swift */; };
		37F4AD56277AEA7000941E21 /* SearchResult.swift in Sources */ = {isa = PBXBuildFile; fileRef = 37F4AD55277AEA7000941E21 /* SearchResult.swift */; };
		982525D3277B573D0048A9DE /* RecentSearchHistoryCellViewModel.swift in Sources */ = {isa = PBXBuildFile; fileRef = 982525D2277B573D0048A9DE /* RecentSearchHistoryCellViewModel.swift */; };
		983DB441277ECD9C004CC8CA /* UIImage+Ext.swift in Sources */ = {isa = PBXBuildFile; fileRef = 983DB440277ECD9C004CC8CA /* UIImage+Ext.swift */; };
		983DB444277ECFA0004CC8CA /* UIUtility.swift in Sources */ = {isa = PBXBuildFile; fileRef = 983DB443277ECFA0004CC8CA /* UIUtility.swift */; };
		983DB446277EE4BD004CC8CA /* CellRepresentable.swift in Sources */ = {isa = PBXBuildFile; fileRef = 983DB445277EE4BD004CC8CA /* CellRepresentable.swift */; };
		983DB44A277EE715004CC8CA /* AppIconCell.swift in Sources */ = {isa = PBXBuildFile; fileRef = 983DB448277EE715004CC8CA /* AppIconCell.swift */; };
		983DB44B277EE715004CC8CA /* AppIconCell.xib in Resources */ = {isa = PBXBuildFile; fileRef = 983DB449277EE715004CC8CA /* AppIconCell.xib */; };
		983DB44E277EE8E7004CC8CA /* LandscapeScreenShotCell.swift in Sources */ = {isa = PBXBuildFile; fileRef = 983DB44C277EE8E7004CC8CA /* LandscapeScreenShotCell.swift */; };
		983DB44F277EE8E7004CC8CA /* LandscapeScreenShotCell.xib in Resources */ = {isa = PBXBuildFile; fileRef = 983DB44D277EE8E7004CC8CA /* LandscapeScreenShotCell.xib */; };
		983DB451277EF045004CC8CA /* SearchingResultCellViewModel.swift in Sources */ = {isa = PBXBuildFile; fileRef = 983DB450277EF045004CC8CA /* SearchingResultCellViewModel.swift */; };
		983DB453277EF0D5004CC8CA /* UITableView+Ext.swift in Sources */ = {isa = PBXBuildFile; fileRef = 983DB452277EF0D5004CC8CA /* UITableView+Ext.swift */; };
		983DB455277EF146004CC8CA /* NSObject+Ext.swift in Sources */ = {isa = PBXBuildFile; fileRef = 983DB454277EF146004CC8CA /* NSObject+Ext.swift */; };
		98949DA7277C6B9200C29734 /* Common.swift in Sources */ = {isa = PBXBuildFile; fileRef = 98949DA6277C6B9200C29734 /* Common.swift */; };
		98949DAB277C87F200C29734 /* NoResultsCell.swift in Sources */ = {isa = PBXBuildFile; fileRef = 98949DA9277C87F200C29734 /* NoResultsCell.swift */; };
		98949DAC277C87F200C29734 /* NoResultsCell.xib in Resources */ = {isa = PBXBuildFile; fileRef = 98949DAA277C87F200C29734 /* NoResultsCell.xib */; };
		98949DAF277C8C2900C29734 /* SearchingResultCell.swift in Sources */ = {isa = PBXBuildFile; fileRef = 98949DAD277C8C2900C29734 /* SearchingResultCell.swift */; };
		98949DB0277C8C2900C29734 /* SearchingResultCell.xib in Resources */ = {isa = PBXBuildFile; fileRef = 98949DAE277C8C2900C29734 /* SearchingResultCell.xib */; };
		98949DB3277C935700C29734 /* PortaitScreenShotCell.swift in Sources */ = {isa = PBXBuildFile; fileRef = 98949DB1277C935700C29734 /* PortaitScreenShotCell.swift */; };
		98949DB4277C935700C29734 /* PortaitScreenShotCell.xib in Resources */ = {isa = PBXBuildFile; fileRef = 98949DB2277C935700C29734 /* PortaitScreenShotCell.xib */; };
		98949DB6277C9C7B00C29734 /* UIView+Ext.swift in Sources */ = {isa = PBXBuildFile; fileRef = 98949DB5277C9C7B00C29734 /* UIView+Ext.swift */; };
		9898CBEB277B3DAE00D89E60 /* RecentSearchHistoryCell.swift in Sources */ = {isa = PBXBuildFile; fileRef = 9898CBE9277B3DAE00D89E60 /* RecentSearchHistoryCell.swift */; };
		9898CBEC277B3DAE00D89E60 /* RecentSearchHistoryCell.xib in Resources */ = {isa = PBXBuildFile; fileRef = 9898CBEA277B3DAE00D89E60 /* RecentSearchHistoryCell.xib */; };
		98AC8A32277FFA2600B8FBB3 /* Detail.storyboard in Resources */ = {isa = PBXBuildFile; fileRef = 98AC8A31277FFA2600B8FBB3 /* Detail.storyboard */; };
		98AC8A34277FFA4900B8FBB3 /* AppInfoViewController.swift in Sources */ = {isa = PBXBuildFile; fileRef = 98AC8A33277FFA4900B8FBB3 /* AppInfoViewController.swift */; };
		98AC8A38277FFE6800B8FBB3 /* AppIconBigCell.swift in Sources */ = {isa = PBXBuildFile; fileRef = 98AC8A36277FFE6800B8FBB3 /* AppIconBigCell.swift */; };
		98AC8A39277FFE6800B8FBB3 /* AppIconBigCell.xib in Resources */ = {isa = PBXBuildFile; fileRef = 98AC8A37277FFE6800B8FBB3 /* AppIconBigCell.xib */; };
		98AC8A3B278002F900B8FBB3 /* AppInfoViewModel.swift in Sources */ = {isa = PBXBuildFile; fileRef = 98AC8A3A278002F900B8FBB3 /* AppInfoViewModel.swift */; };
		98AC8A3E2780128000B8FBB3 /* TitleCell.swift in Sources */ = {isa = PBXBuildFile; fileRef = 98AC8A3C2780128000B8FBB3 /* TitleCell.swift */; };
		98AC8A3F2780128000B8FBB3 /* TitleCell.xib in Resources */ = {isa = PBXBuildFile; fileRef = 98AC8A3D2780128000B8FBB3 /* TitleCell.xib */; };
		98AC8A4227801BE500B8FBB3 /* CollectionViewContainerCell.swift in Sources */ = {isa = PBXBuildFile; fileRef = 98AC8A4027801BE500B8FBB3 /* CollectionViewContainerCell.swift */; };
		98AC8A4327801BE500B8FBB3 /* CollectionViewContainerCell.xib in Resources */ = {isa = PBXBuildFile; fileRef = 98AC8A4127801BE500B8FBB3 /* CollectionViewContainerCell.xib */; };
		98AC8A472780249A00B8FBB3 /* BadgeCell.swift in Sources */ = {isa = PBXBuildFile; fileRef = 98AC8A452780249A00B8FBB3 /* BadgeCell.swift */; };
		98AC8A482780249A00B8FBB3 /* BadgeCell.xib in Resources */ = {isa = PBXBuildFile; fileRef = 98AC8A462780249A00B8FBB3 /* BadgeCell.xib */; };
		98AC8A4A2780251E00B8FBB3 /* UICollectionView+Ext.swift in Sources */ = {isa = PBXBuildFile; fileRef = 98AC8A492780251E00B8FBB3 /* UICollectionView+Ext.swift */; };
		98AC8A4D27803E7100B8FBB3 /* PreviewCell.swift in Sources */ = {isa = PBXBuildFile; fileRef = 98AC8A4B27803E7100B8FBB3 /* PreviewCell.swift */; };
		98AC8A4E27803E7100B8FBB3 /* PreviewCell.xib in Resources */ = {isa = PBXBuildFile; fileRef = 98AC8A4C27803E7100B8FBB3 /* PreviewCell.xib */; };
		98AC8A502780416B00B8FBB3 /* String+Ext.swift in Sources */ = {isa = PBXBuildFile; fileRef = 98AC8A4F2780416B00B8FBB3 /* String+Ext.swift */; };
		98AC8A53278064B700B8FBB3 /* AvailableDeviceScreenShotCell.swift in Sources */ = {isa = PBXBuildFile; fileRef = 98AC8A51278064B700B8FBB3 /* AvailableDeviceScreenShotCell.swift */; };
		98AC8A54278064B700B8FBB3 /* AvailableDeviceScreenShotCell.xib in Resources */ = {isa = PBXBuildFile; fileRef = 98AC8A52278064B700B8FBB3 /* AvailableDeviceScreenShotCell.xib */; };
		98AC8A572780755600B8FBB3 /* InfoTextCell.swift in Sources */ = {isa = PBXBuildFile; fileRef = 98AC8A552780755600B8FBB3 /* InfoTextCell.swift */; };
		98AC8A582780755600B8FBB3 /* InfoTextCell.xib in Resources */ = {isa = PBXBuildFile; fileRef = 98AC8A562780755600B8FBB3 /* InfoTextCell.xib */; };
		98AC8A5C27809D6200B8FBB3 /* CarouselLayout.swift in Sources */ = {isa = PBXBuildFile; fileRef = 98AC8A5B27809D6200B8FBB3 /* CarouselLayout.swift */; };
		98AE756C277DD2890042D1E6 /* UIImageView+Ex.swift in Sources */ = {isa = PBXBuildFile; fileRef = 98AE756B277DD2890042D1E6 /* UIImageView+Ex.swift */; };
		98AE756E277DDDB80042D1E6 /* MemoryStorage.swift in Sources */ = {isa = PBXBuildFile; fileRef = 98AE756D277DDDB80042D1E6 /* MemoryStorage.swift */; };
		98AE7572277DE1950042D1E6 /* DiskStorage.swift in Sources */ = {isa = PBXBuildFile; fileRef = 98AE7571277DE1950042D1E6 /* DiskStorage.swift */; };
		98AE7574277DF6160042D1E6 /* ImageCache.swift in Sources */ = {isa = PBXBuildFile; fileRef = 98AE7573277DF6160042D1E6 /* ImageCache.swift */; };
		98E6FA11277F5FDC00C0EC6A /* ActivityViewCell.swift in Sources */ = {isa = PBXBuildFile; fileRef = 98E6FA0F277F5FDC00C0EC6A /* ActivityViewCell.swift */; };
		98E6FA12277F5FDC00C0EC6A /* ActivityViewCell.xib in Resources */ = {isa = PBXBuildFile; fileRef = 98E6FA10277F5FDC00C0EC6A /* ActivityViewCell.xib */; };
		FF080207192534A34A370806 /* Pods_Search.framework in Frameworks */ = {isa = PBXBuildFile; fileRef = 7D4A3EBD599BD5A9A7A0403E /* Pods_Search.framework */; };
/* End PBXBuildFile section */

/* Begin PBXFileReference section */
		37F4AD29277AD16700941E21 /* Search.app */ = {isa = PBXFileReference; explicitFileType = wrapper.application; includeInIndex = 0; path = Search.app; sourceTree = BUILT_PRODUCTS_DIR; };
		37F4AD2C277AD16700941E21 /* AppDelegate.swift */ = {isa = PBXFileReference; lastKnownFileType = sourcecode.swift; path = AppDelegate.swift; sourceTree = "<group>"; };
		37F4AD2E277AD16700941E21 /* SceneDelegate.swift */ = {isa = PBXFileReference; lastKnownFileType = sourcecode.swift; path = SceneDelegate.swift; sourceTree = "<group>"; };
		37F4AD30277AD16700941E21 /* MainViewController.swift */ = {isa = PBXFileReference; lastKnownFileType = sourcecode.swift; path = MainViewController.swift; sourceTree = "<group>"; };
		37F4AD33277AD16700941E21 /* Base */ = {isa = PBXFileReference; lastKnownFileType = file.storyboard; name = Base; path = Base.lproj/Main.storyboard; sourceTree = "<group>"; };
		37F4AD35277AD16A00941E21 /* Assets.xcassets */ = {isa = PBXFileReference; lastKnownFileType = folder.assetcatalog; path = Assets.xcassets; sourceTree = "<group>"; };
		37F4AD38277AD16A00941E21 /* Base */ = {isa = PBXFileReference; lastKnownFileType = file.storyboard; name = Base; path = Base.lproj/LaunchScreen.storyboard; sourceTree = "<group>"; };
		37F4AD3A277AD16A00941E21 /* Info.plist */ = {isa = PBXFileReference; lastKnownFileType = text.plist.xml; path = Info.plist; sourceTree = "<group>"; };
		37F4AD41277AD65F00941E21 /* RecentSearchWordModel.xcdatamodel */ = {isa = PBXFileReference; lastKnownFileType = wrapper.xcdatamodel; path = RecentSearchWordModel.xcdatamodel; sourceTree = "<group>"; };
		37F4AD47277AD75600941E21 /* RecentSearchEntity+CoreDataClass.swift */ = {isa = PBXFileReference; lastKnownFileType = sourcecode.swift; path = "RecentSearchEntity+CoreDataClass.swift"; sourceTree = "<group>"; };
		37F4AD48277AD75600941E21 /* RecentSearchEntity+CoreDataProperties.swift */ = {isa = PBXFileReference; lastKnownFileType = sourcecode.swift; path = "RecentSearchEntity+CoreDataProperties.swift"; sourceTree = "<group>"; };
		37F4AD4C277AD84700941E21 /* SYCoreDataManager.swift */ = {isa = PBXFileReference; lastKnownFileType = sourcecode.swift; path = SYCoreDataManager.swift; sourceTree = "<group>"; };
		37F4AD4E277AE09900941E21 /* SearchViewModel.swift */ = {isa = PBXFileReference; lastKnownFileType = sourcecode.swift; path = SearchViewModel.swift; sourceTree = "<group>"; };
		37F4AD51277AE2DD00941E21 /* NetworkManager.swift */ = {isa = PBXFileReference; lastKnownFileType = sourcecode.swift; path = NetworkManager.swift; sourceTree = "<group>"; };
		37F4AD53277AE7CA00941E21 /* SYError.swift */ = {isa = PBXFileReference; lastKnownFileType = sourcecode.swift; path = SYError.swift; sourceTree = "<group>"; };
		37F4AD55277AEA7000941E21 /* SearchResult.swift */ = {isa = PBXFileReference; fileEncoding = 4; lastKnownFileType = sourcecode.swift; path = SearchResult.swift; sourceTree = "<group>"; };
		676E5203FF58DC7D432EE436 /* Pods-Search.debug.xcconfig */ = {isa = PBXFileReference; includeInIndex = 1; lastKnownFileType = text.xcconfig; name = "Pods-Search.debug.xcconfig"; path = "Target Support Files/Pods-Search/Pods-Search.debug.xcconfig"; sourceTree = "<group>"; };
		7D4A3EBD599BD5A9A7A0403E /* Pods_Search.framework */ = {isa = PBXFileReference; explicitFileType = wrapper.framework; includeInIndex = 0; path = Pods_Search.framework; sourceTree = BUILT_PRODUCTS_DIR; };
		982525D2277B573D0048A9DE /* RecentSearchHistoryCellViewModel.swift */ = {isa = PBXFileReference; lastKnownFileType = sourcecode.swift; path = RecentSearchHistoryCellViewModel.swift; sourceTree = "<group>"; };
		983DB440277ECD9C004CC8CA /* UIImage+Ext.swift */ = {isa = PBXFileReference; lastKnownFileType = sourcecode.swift; path = "UIImage+Ext.swift"; sourceTree = "<group>"; };
		983DB443277ECFA0004CC8CA /* UIUtility.swift */ = {isa = PBXFileReference; lastKnownFileType = sourcecode.swift; path = UIUtility.swift; sourceTree = "<group>"; };
		983DB445277EE4BD004CC8CA /* CellRepresentable.swift */ = {isa = PBXFileReference; lastKnownFileType = sourcecode.swift; path = CellRepresentable.swift; sourceTree = "<group>"; };
		983DB448277EE715004CC8CA /* AppIconCell.swift */ = {isa = PBXFileReference; lastKnownFileType = sourcecode.swift; path = AppIconCell.swift; sourceTree = "<group>"; };
		983DB449277EE715004CC8CA /* AppIconCell.xib */ = {isa = PBXFileReference; lastKnownFileType = file.xib; path = AppIconCell.xib; sourceTree = "<group>"; };
		983DB44C277EE8E7004CC8CA /* LandscapeScreenShotCell.swift */ = {isa = PBXFileReference; lastKnownFileType = sourcecode.swift; path = LandscapeScreenShotCell.swift; sourceTree = "<group>"; };
		983DB44D277EE8E7004CC8CA /* LandscapeScreenShotCell.xib */ = {isa = PBXFileReference; lastKnownFileType = file.xib; path = LandscapeScreenShotCell.xib; sourceTree = "<group>"; };
		983DB450277EF045004CC8CA /* SearchingResultCellViewModel.swift */ = {isa = PBXFileReference; lastKnownFileType = sourcecode.swift; path = SearchingResultCellViewModel.swift; sourceTree = "<group>"; };
		983DB452277EF0D5004CC8CA /* UITableView+Ext.swift */ = {isa = PBXFileReference; lastKnownFileType = sourcecode.swift; path = "UITableView+Ext.swift"; sourceTree = "<group>"; };
		983DB454277EF146004CC8CA /* NSObject+Ext.swift */ = {isa = PBXFileReference; lastKnownFileType = sourcecode.swift; path = "NSObject+Ext.swift"; sourceTree = "<group>"; };
		98949DA6277C6B9200C29734 /* Common.swift */ = {isa = PBXFileReference; lastKnownFileType = sourcecode.swift; path = Common.swift; sourceTree = "<group>"; };
		98949DA9277C87F200C29734 /* NoResultsCell.swift */ = {isa = PBXFileReference; lastKnownFileType = sourcecode.swift; path = NoResultsCell.swift; sourceTree = "<group>"; };
		98949DAA277C87F200C29734 /* NoResultsCell.xib */ = {isa = PBXFileReference; lastKnownFileType = file.xib; path = NoResultsCell.xib; sourceTree = "<group>"; };
		98949DAD277C8C2900C29734 /* SearchingResultCell.swift */ = {isa = PBXFileReference; lastKnownFileType = sourcecode.swift; path = SearchingResultCell.swift; sourceTree = "<group>"; };
		98949DAE277C8C2900C29734 /* SearchingResultCell.xib */ = {isa = PBXFileReference; lastKnownFileType = file.xib; path = SearchingResultCell.xib; sourceTree = "<group>"; };
		98949DB1277C935700C29734 /* PortaitScreenShotCell.swift */ = {isa = PBXFileReference; lastKnownFileType = sourcecode.swift; path = PortaitScreenShotCell.swift; sourceTree = "<group>"; };
		98949DB2277C935700C29734 /* PortaitScreenShotCell.xib */ = {isa = PBXFileReference; lastKnownFileType = file.xib; path = PortaitScreenShotCell.xib; sourceTree = "<group>"; };
		98949DB5277C9C7B00C29734 /* UIView+Ext.swift */ = {isa = PBXFileReference; lastKnownFileType = sourcecode.swift; path = "UIView+Ext.swift"; sourceTree = "<group>"; };
		9898CBE9277B3DAE00D89E60 /* RecentSearchHistoryCell.swift */ = {isa = PBXFileReference; lastKnownFileType = sourcecode.swift; path = RecentSearchHistoryCell.swift; sourceTree = "<group>"; };
		9898CBEA277B3DAE00D89E60 /* RecentSearchHistoryCell.xib */ = {isa = PBXFileReference; lastKnownFileType = file.xib; path = RecentSearchHistoryCell.xib; sourceTree = "<group>"; };
		98AC8A31277FFA2600B8FBB3 /* Detail.storyboard */ = {isa = PBXFileReference; lastKnownFileType = file.storyboard; path = Detail.storyboard; sourceTree = "<group>"; };
		98AC8A33277FFA4900B8FBB3 /* AppInfoViewController.swift */ = {isa = PBXFileReference; lastKnownFileType = sourcecode.swift; path = AppInfoViewController.swift; sourceTree = "<group>"; };
		98AC8A36277FFE6800B8FBB3 /* AppIconBigCell.swift */ = {isa = PBXFileReference; lastKnownFileType = sourcecode.swift; path = AppIconBigCell.swift; sourceTree = "<group>"; };
		98AC8A37277FFE6800B8FBB3 /* AppIconBigCell.xib */ = {isa = PBXFileReference; lastKnownFileType = file.xib; path = AppIconBigCell.xib; sourceTree = "<group>"; };
		98AC8A3A278002F900B8FBB3 /* AppInfoViewModel.swift */ = {isa = PBXFileReference; lastKnownFileType = sourcecode.swift; path = AppInfoViewModel.swift; sourceTree = "<group>"; };
		98AC8A3C2780128000B8FBB3 /* TitleCell.swift */ = {isa = PBXFileReference; lastKnownFileType = sourcecode.swift; path = TitleCell.swift; sourceTree = "<group>"; };
		98AC8A3D2780128000B8FBB3 /* TitleCell.xib */ = {isa = PBXFileReference; lastKnownFileType = file.xib; path = TitleCell.xib; sourceTree = "<group>"; };
		98AC8A4027801BE500B8FBB3 /* CollectionViewContainerCell.swift */ = {isa = PBXFileReference; lastKnownFileType = sourcecode.swift; path = CollectionViewContainerCell.swift; sourceTree = "<group>"; };
		98AC8A4127801BE500B8FBB3 /* CollectionViewContainerCell.xib */ = {isa = PBXFileReference; lastKnownFileType = file.xib; path = CollectionViewContainerCell.xib; sourceTree = "<group>"; };
		98AC8A452780249A00B8FBB3 /* BadgeCell.swift */ = {isa = PBXFileReference; lastKnownFileType = sourcecode.swift; path = BadgeCell.swift; sourceTree = "<group>"; };
		98AC8A462780249A00B8FBB3 /* BadgeCell.xib */ = {isa = PBXFileReference; lastKnownFileType = file.xib; path = BadgeCell.xib; sourceTree = "<group>"; };
		98AC8A492780251E00B8FBB3 /* UICollectionView+Ext.swift */ = {isa = PBXFileReference; lastKnownFileType = sourcecode.swift; path = "UICollectionView+Ext.swift"; sourceTree = "<group>"; };
		98AC8A4B27803E7100B8FBB3 /* PreviewCell.swift */ = {isa = PBXFileReference; lastKnownFileType = sourcecode.swift; path = PreviewCell.swift; sourceTree = "<group>"; };
		98AC8A4C27803E7100B8FBB3 /* PreviewCell.xib */ = {isa = PBXFileReference; lastKnownFileType = file.xib; path = PreviewCell.xib; sourceTree = "<group>"; };
		98AC8A4F2780416B00B8FBB3 /* String+Ext.swift */ = {isa = PBXFileReference; lastKnownFileType = sourcecode.swift; path = "String+Ext.swift"; sourceTree = "<group>"; };
		98AC8A51278064B700B8FBB3 /* AvailableDeviceScreenShotCell.swift */ = {isa = PBXFileReference; lastKnownFileType = sourcecode.swift; path = AvailableDeviceScreenShotCell.swift; sourceTree = "<group>"; };
		98AC8A52278064B700B8FBB3 /* AvailableDeviceScreenShotCell.xib */ = {isa = PBXFileReference; lastKnownFileType = file.xib; path = AvailableDeviceScreenShotCell.xib; sourceTree = "<group>"; };
		98AC8A552780755600B8FBB3 /* InfoTextCell.swift */ = {isa = PBXFileReference; lastKnownFileType = sourcecode.swift; path = InfoTextCell.swift; sourceTree = "<group>"; };
		98AC8A562780755600B8FBB3 /* InfoTextCell.xib */ = {isa = PBXFileReference; lastKnownFileType = file.xib; path = InfoTextCell.xib; sourceTree = "<group>"; };
		98AC8A5B27809D6200B8FBB3 /* CarouselLayout.swift */ = {isa = PBXFileReference; lastKnownFileType = sourcecode.swift; path = CarouselLayout.swift; sourceTree = "<group>"; };
		98AE756B277DD2890042D1E6 /* UIImageView+Ex.swift */ = {isa = PBXFileReference; lastKnownFileType = sourcecode.swift; path = "UIImageView+Ex.swift"; sourceTree = "<group>"; };
		98AE756D277DDDB80042D1E6 /* MemoryStorage.swift */ = {isa = PBXFileReference; lastKnownFileType = sourcecode.swift; path = MemoryStorage.swift; sourceTree = "<group>"; };
		98AE7571277DE1950042D1E6 /* DiskStorage.swift */ = {isa = PBXFileReference; lastKnownFileType = sourcecode.swift; path = DiskStorage.swift; sourceTree = "<group>"; };
		98AE7573277DF6160042D1E6 /* ImageCache.swift */ = {isa = PBXFileReference; lastKnownFileType = sourcecode.swift; path = ImageCache.swift; sourceTree = "<group>"; };
		98E6FA0F277F5FDC00C0EC6A /* ActivityViewCell.swift */ = {isa = PBXFileReference; lastKnownFileType = sourcecode.swift; path = ActivityViewCell.swift; sourceTree = "<group>"; };
		98E6FA10277F5FDC00C0EC6A /* ActivityViewCell.xib */ = {isa = PBXFileReference; lastKnownFileType = file.xib; path = ActivityViewCell.xib; sourceTree = "<group>"; };
		EC1B6C6D0A28ECCE31A39B3F /* Pods-Search.release.xcconfig */ = {isa = PBXFileReference; includeInIndex = 1; lastKnownFileType = text.xcconfig; name = "Pods-Search.release.xcconfig"; path = "Target Support Files/Pods-Search/Pods-Search.release.xcconfig"; sourceTree = "<group>"; };
/* End PBXFileReference section */

/* Begin PBXFrameworksBuildPhase section */
		37F4AD26277AD16700941E21 /* Frameworks */ = {
			isa = PBXFrameworksBuildPhase;
			buildActionMask = 2147483647;
			files = (
				FF080207192534A34A370806 /* Pods_Search.framework in Frameworks */,
			);
			runOnlyForDeploymentPostprocessing = 0;
		};
/* End PBXFrameworksBuildPhase section */

/* Begin PBXGroup section */
		37F4AD20277AD16600941E21 = {
			isa = PBXGroup;
			children = (
				37F4AD2B277AD16700941E21 /* Search */,
				37F4AD2A277AD16700941E21 /* Products */,
				3CECCCAB153DE7C128D97248 /* Pods */,
				C424824C211388BA5ECA4B0D /* Frameworks */,
			);
			sourceTree = "<group>";
		};
		37F4AD2A277AD16700941E21 /* Products */ = {
			isa = PBXGroup;
			children = (
				37F4AD29277AD16700941E21 /* Search.app */,
			);
			name = Products;
			sourceTree = "<group>";
		};
		37F4AD2B277AD16700941E21 /* Search */ = {
			isa = PBXGroup;
			children = (
				983DB442277ECDA9004CC8CA /* ImageCache */,
				98AE7563277DCFB00042D1E6 /* Extensions */,
				98949DA6277C6B9200C29734 /* Common.swift */,
				983DB443277ECFA0004CC8CA /* UIUtility.swift */,
				9898CBE8277B3D0600D89E60 /* Main */,
				98AC8A30277FF9FA00B8FBB3 /* Detail */,
				37F4AD57277AEA8500941E21 /* Model */,
				37F4AD50277AE28C00941E21 /* Network */,
				37F4AD4B277AD81D00941E21 /* RecentSearchCoreData */,
				37F4AD2C277AD16700941E21 /* AppDelegate.swift */,
				37F4AD2E277AD16700941E21 /* SceneDelegate.swift */,
				37F4AD35277AD16A00941E21 /* Assets.xcassets */,
				37F4AD37277AD16A00941E21 /* LaunchScreen.storyboard */,
				37F4AD3A277AD16A00941E21 /* Info.plist */,
			);
			path = Search;
			sourceTree = "<group>";
		};
		37F4AD4B277AD81D00941E21 /* RecentSearchCoreData */ = {
			isa = PBXGroup;
			children = (
				37F4AD40277AD65F00941E21 /* RecentSearchWordModel.xcdatamodeld */,
				37F4AD47277AD75600941E21 /* RecentSearchEntity+CoreDataClass.swift */,
				37F4AD48277AD75600941E21 /* RecentSearchEntity+CoreDataProperties.swift */,
				37F4AD4C277AD84700941E21 /* SYCoreDataManager.swift */,
			);
			path = RecentSearchCoreData;
			sourceTree = "<group>";
		};
		37F4AD50277AE28C00941E21 /* Network */ = {
			isa = PBXGroup;
			children = (
				37F4AD51277AE2DD00941E21 /* NetworkManager.swift */,
				37F4AD53277AE7CA00941E21 /* SYError.swift */,
			);
			path = Network;
			sourceTree = "<group>";
		};
		37F4AD57277AEA8500941E21 /* Model */ = {
			isa = PBXGroup;
			children = (
				37F4AD55277AEA7000941E21 /* SearchResult.swift */,
			);
			name = Model;
			sourceTree = "<group>";
		};
		3CECCCAB153DE7C128D97248 /* Pods */ = {
			isa = PBXGroup;
			children = (
				676E5203FF58DC7D432EE436 /* Pods-Search.debug.xcconfig */,
				EC1B6C6D0A28ECCE31A39B3F /* Pods-Search.release.xcconfig */,
			);
			path = Pods;
			sourceTree = "<group>";
		};
		983DB442277ECDA9004CC8CA /* ImageCache */ = {
			isa = PBXGroup;
			children = (
				98AE756D277DDDB80042D1E6 /* MemoryStorage.swift */,
				98AE7571277DE1950042D1E6 /* DiskStorage.swift */,
				98AE7573277DF6160042D1E6 /* ImageCache.swift */,
			);
			path = ImageCache;
			sourceTree = "<group>";
		};
		983DB447277EE6EA004CC8CA /* SearchResult */ = {
			isa = PBXGroup;
			children = (
				983DB448277EE715004CC8CA /* AppIconCell.swift */,
				983DB449277EE715004CC8CA /* AppIconCell.xib */,
				98949DB1277C935700C29734 /* PortaitScreenShotCell.swift */,
				98949DB2277C935700C29734 /* PortaitScreenShotCell.xib */,
				983DB44C277EE8E7004CC8CA /* LandscapeScreenShotCell.swift */,
				983DB44D277EE8E7004CC8CA /* LandscapeScreenShotCell.xib */,
				98E6FA0F277F5FDC00C0EC6A /* ActivityViewCell.swift */,
				98E6FA10277F5FDC00C0EC6A /* ActivityViewCell.xib */,
			);
			path = SearchResult;
			sourceTree = "<group>";
		};
		98949DA8277C87DA00C29734 /* Cells */ = {
			isa = PBXGroup;
			children = (
				983DB445277EE4BD004CC8CA /* CellRepresentable.swift */,
				983DB447277EE6EA004CC8CA /* SearchResult */,
				9898CBE9277B3DAE00D89E60 /* RecentSearchHistoryCell.swift */,
				9898CBEA277B3DAE00D89E60 /* RecentSearchHistoryCell.xib */,
				982525D2277B573D0048A9DE /* RecentSearchHistoryCellViewModel.swift */,
				98949DA9277C87F200C29734 /* NoResultsCell.swift */,
				98949DAA277C87F200C29734 /* NoResultsCell.xib */,
				98949DAD277C8C2900C29734 /* SearchingResultCell.swift */,
				98949DAE277C8C2900C29734 /* SearchingResultCell.xib */,
				983DB450277EF045004CC8CA /* SearchingResultCellViewModel.swift */,
			);
			path = Cells;
			sourceTree = "<group>";
		};
		9898CBE8277B3D0600D89E60 /* Main */ = {
			isa = PBXGroup;
			children = (
				37F4AD32277AD16700941E21 /* Main.storyboard */,
				37F4AD30277AD16700941E21 /* MainViewController.swift */,
				37F4AD4E277AE09900941E21 /* SearchViewModel.swift */,
				98949DA8277C87DA00C29734 /* Cells */,
			);
			path = Main;
			sourceTree = "<group>";
		};
		98AC8A30277FF9FA00B8FBB3 /* Detail */ = {
			isa = PBXGroup;
			children = (
				98AC8A5B27809D6200B8FBB3 /* CarouselLayout.swift */,
				98AC8A31277FFA2600B8FBB3 /* Detail.storyboard */,
				98AC8A33277FFA4900B8FBB3 /* AppInfoViewController.swift */,
				98AC8A3A278002F900B8FBB3 /* AppInfoViewModel.swift */,
				98AC8A35277FFCC100B8FBB3 /* TableVIewCells */,
			);
			path = Detail;
			sourceTree = "<group>";
		};
		98AC8A35277FFCC100B8FBB3 /* TableVIewCells */ = {
			isa = PBXGroup;
			children = (
				98AC8A36277FFE6800B8FBB3 /* AppIconBigCell.swift */,
				98AC8A37277FFE6800B8FBB3 /* AppIconBigCell.xib */,
				98AC8A3C2780128000B8FBB3 /* TitleCell.swift */,
				98AC8A3D2780128000B8FBB3 /* TitleCell.xib */,
				98AC8A4027801BE500B8FBB3 /* CollectionViewContainerCell.swift */,
				98AC8A4127801BE500B8FBB3 /* CollectionViewContainerCell.xib */,
				98AC8A51278064B700B8FBB3 /* AvailableDeviceScreenShotCell.swift */,
				98AC8A52278064B700B8FBB3 /* AvailableDeviceScreenShotCell.xib */,
				98AC8A552780755600B8FBB3 /* InfoTextCell.swift */,
				98AC8A562780755600B8FBB3 /* InfoTextCell.xib */,
				98AC8A442780244400B8FBB3 /* CollectionCell */,
			);
			path = TableVIewCells;
			sourceTree = "<group>";
		};
		98AC8A442780244400B8FBB3 /* CollectionCell */ = {
			isa = PBXGroup;
			children = (
				98AC8A452780249A00B8FBB3 /* BadgeCell.swift */,
				98AC8A462780249A00B8FBB3 /* BadgeCell.xib */,
				98AC8A4B27803E7100B8FBB3 /* PreviewCell.swift */,
				98AC8A4C27803E7100B8FBB3 /* PreviewCell.xib */,
			);
			path = CollectionCell;
			sourceTree = "<group>";
		};
		98AE7563277DCFB00042D1E6 /* Extensions */ = {
			isa = PBXGroup;
			children = (
				98949DB5277C9C7B00C29734 /* UIView+Ext.swift */,
				98AE756B277DD2890042D1E6 /* UIImageView+Ex.swift */,
				983DB440277ECD9C004CC8CA /* UIImage+Ext.swift */,
				98AC8A492780251E00B8FBB3 /* UICollectionView+Ext.swift */,
				983DB452277EF0D5004CC8CA /* UITableView+Ext.swift */,
				983DB454277EF146004CC8CA /* NSObject+Ext.swift */,
				98AC8A4F2780416B00B8FBB3 /* String+Ext.swift */,
			);
			path = Extensions;
			sourceTree = "<group>";
		};
		C424824C211388BA5ECA4B0D /* Frameworks */ = {
			isa = PBXGroup;
			children = (
				7D4A3EBD599BD5A9A7A0403E /* Pods_Search.framework */,
			);
			name = Frameworks;
			sourceTree = "<group>";
		};
/* End PBXGroup section */

/* Begin PBXNativeTarget section */
		37F4AD28277AD16700941E21 /* Search */ = {
			isa = PBXNativeTarget;
			buildConfigurationList = 37F4AD3D277AD16A00941E21 /* Build configuration list for PBXNativeTarget "Search" */;
			buildPhases = (
				700BDA93E8FCB4D56F303B82 /* [CP] Check Pods Manifest.lock */,
				37F4AD25277AD16700941E21 /* Sources */,
				37F4AD26277AD16700941E21 /* Frameworks */,
				37F4AD27277AD16700941E21 /* Resources */,
				4CBB38A837F87D3386A7B4A4 /* [CP] Embed Pods Frameworks */,
			);
			buildRules = (
			);
			dependencies = (
			);
			name = Search;
			productName = Search;
			productReference = 37F4AD29277AD16700941E21 /* Search.app */;
			productType = "com.apple.product-type.application";
		};
/* End PBXNativeTarget section */

/* Begin PBXProject section */
		37F4AD21277AD16600941E21 /* Project object */ = {
			isa = PBXProject;
			attributes = {
				BuildIndependentTargetsInParallel = 1;
				LastSwiftUpdateCheck = 1300;
				LastUpgradeCheck = 1300;
				TargetAttributes = {
					37F4AD28277AD16700941E21 = {
						CreatedOnToolsVersion = 13.0;
					};
				};
			};
			buildConfigurationList = 37F4AD24277AD16600941E21 /* Build configuration list for PBXProject "Search" */;
			compatibilityVersion = "Xcode 13.0";
			developmentRegion = en;
			hasScannedForEncodings = 0;
			knownRegions = (
				en,
				Base,
			);
			mainGroup = 37F4AD20277AD16600941E21;
			productRefGroup = 37F4AD2A277AD16700941E21 /* Products */;
			projectDirPath = "";
			projectRoot = "";
			targets = (
				37F4AD28277AD16700941E21 /* Search */,
			);
		};
/* End PBXProject section */

/* Begin PBXResourcesBuildPhase section */
		37F4AD27277AD16700941E21 /* Resources */ = {
			isa = PBXResourcesBuildPhase;
			buildActionMask = 2147483647;
			files = (
				983DB44F277EE8E7004CC8CA /* LandscapeScreenShotCell.xib in Resources */,
				98949DB4277C935700C29734 /* PortaitScreenShotCell.xib in Resources */,
				98AC8A4E27803E7100B8FBB3 /* PreviewCell.xib in Resources */,
				98AC8A482780249A00B8FBB3 /* BadgeCell.xib in Resources */,
				98AC8A4327801BE500B8FBB3 /* CollectionViewContainerCell.xib in Resources */,
				37F4AD39277AD16A00941E21 /* LaunchScreen.storyboard in Resources */,
				98AC8A582780755600B8FBB3 /* InfoTextCell.xib in Resources */,
				98E6FA12277F5FDC00C0EC6A /* ActivityViewCell.xib in Resources */,
				98AC8A54278064B700B8FBB3 /* AvailableDeviceScreenShotCell.xib in Resources */,
				98AC8A32277FFA2600B8FBB3 /* Detail.storyboard in Resources */,
				983DB44B277EE715004CC8CA /* AppIconCell.xib in Resources */,
				98949DB0277C8C2900C29734 /* SearchingResultCell.xib in Resources */,
				98AC8A39277FFE6800B8FBB3 /* AppIconBigCell.xib in Resources */,
				9898CBEC277B3DAE00D89E60 /* RecentSearchHistoryCell.xib in Resources */,
				98AC8A3F2780128000B8FBB3 /* TitleCell.xib in Resources */,
				37F4AD36277AD16A00941E21 /* Assets.xcassets in Resources */,
				98949DAC277C87F200C29734 /* NoResultsCell.xib in Resources */,
				37F4AD34277AD16700941E21 /* Main.storyboard in Resources */,
			);
			runOnlyForDeploymentPostprocessing = 0;
		};
/* End PBXResourcesBuildPhase section */

/* Begin PBXShellScriptBuildPhase section */
		4CBB38A837F87D3386A7B4A4 /* [CP] Embed Pods Frameworks */ = {
			isa = PBXShellScriptBuildPhase;
			buildActionMask = 2147483647;
			files = (
			);
			inputFileListPaths = (
				"${PODS_ROOT}/Target Support Files/Pods-Search/Pods-Search-frameworks-${CONFIGURATION}-input-files.xcfilelist",
			);
			name = "[CP] Embed Pods Frameworks";
			outputFileListPaths = (
				"${PODS_ROOT}/Target Support Files/Pods-Search/Pods-Search-frameworks-${CONFIGURATION}-output-files.xcfilelist",
			);
			runOnlyForDeploymentPostprocessing = 0;
			shellPath = /bin/sh;
			shellScript = "\"${PODS_ROOT}/Target Support Files/Pods-Search/Pods-Search-frameworks.sh\"\n";
			showEnvVarsInLog = 0;
		};
		700BDA93E8FCB4D56F303B82 /* [CP] Check Pods Manifest.lock */ = {
			isa = PBXShellScriptBuildPhase;
			buildActionMask = 2147483647;
			files = (
			);
			inputFileListPaths = (
			);
			inputPaths = (
				"${PODS_PODFILE_DIR_PATH}/Podfile.lock",
				"${PODS_ROOT}/Manifest.lock",
			);
			name = "[CP] Check Pods Manifest.lock";
			outputFileListPaths = (
			);
			outputPaths = (
				"$(DERIVED_FILE_DIR)/Pods-Search-checkManifestLockResult.txt",
			);
			runOnlyForDeploymentPostprocessing = 0;
			shellPath = /bin/sh;
			shellScript = "diff \"${PODS_PODFILE_DIR_PATH}/Podfile.lock\" \"${PODS_ROOT}/Manifest.lock\" > /dev/null\nif [ $? != 0 ] ; then\n    # print error to STDERR\n    echo \"error: The sandbox is not in sync with the Podfile.lock. Run 'pod install' or update your CocoaPods installation.\" >&2\n    exit 1\nfi\n# This output is used by Xcode 'outputs' to avoid re-running this script phase.\necho \"SUCCESS\" > \"${SCRIPT_OUTPUT_FILE_0}\"\n";
			showEnvVarsInLog = 0;
		};
/* End PBXShellScriptBuildPhase section */

/* Begin PBXSourcesBuildPhase section */
		37F4AD25277AD16700941E21 /* Sources */ = {
			isa = PBXSourcesBuildPhase;
			buildActionMask = 2147483647;
			files = (
				983DB451277EF045004CC8CA /* SearchingResultCellViewModel.swift in Sources */,
				98949DAB277C87F200C29734 /* NoResultsCell.swift in Sources */,
				98AC8A34277FFA4900B8FBB3 /* AppInfoViewController.swift in Sources */,
				98949DB3277C935700C29734 /* PortaitScreenShotCell.swift in Sources */,
				982525D3277B573D0048A9DE /* RecentSearchHistoryCellViewModel.swift in Sources */,
				983DB444277ECFA0004CC8CA /* UIUtility.swift in Sources */,
				37F4AD56277AEA7000941E21 /* SearchResult.swift in Sources */,
				983DB44E277EE8E7004CC8CA /* LandscapeScreenShotCell.swift in Sources */,
				98AC8A38277FFE6800B8FBB3 /* AppIconBigCell.swift in Sources */,
				98AC8A4D27803E7100B8FBB3 /* PreviewCell.swift in Sources */,
				37F4AD52277AE2DD00941E21 /* NetworkManager.swift in Sources */,
				983DB44A277EE715004CC8CA /* AppIconCell.swift in Sources */,
				98AC8A572780755600B8FBB3 /* InfoTextCell.swift in Sources */,
				37F4AD31277AD16700941E21 /* MainViewController.swift in Sources */,
				37F4AD2D277AD16700941E21 /* AppDelegate.swift in Sources */,
				37F4AD4F277AE09900941E21 /* SearchViewModel.swift in Sources */,
				98AC8A4227801BE500B8FBB3 /* CollectionViewContainerCell.swift in Sources */,
				98949DAF277C8C2900C29734 /* SearchingResultCell.swift in Sources */,
				98AC8A4A2780251E00B8FBB3 /* UICollectionView+Ext.swift in Sources */,
				983DB441277ECD9C004CC8CA /* UIImage+Ext.swift in Sources */,
				98949DA7277C6B9200C29734 /* Common.swift in Sources */,
				37F4AD42277AD65F00941E21 /* RecentSearchWordModel.xcdatamodeld in Sources */,
				983DB455277EF146004CC8CA /* NSObject+Ext.swift in Sources */,
				37F4AD49277AD75600941E21 /* RecentSearchEntity+CoreDataClass.swift in Sources */,
				37F4AD4A277AD75600941E21 /* RecentSearchEntity+CoreDataProperties.swift in Sources */,
				37F4AD2F277AD16700941E21 /* SceneDelegate.swift in Sources */,
				98AC8A53278064B700B8FBB3 /* AvailableDeviceScreenShotCell.swift in Sources */,
				98AC8A5C27809D6200B8FBB3 /* CarouselLayout.swift in Sources */,
				98AC8A3E2780128000B8FBB3 /* TitleCell.swift in Sources */,
				98AC8A472780249A00B8FBB3 /* BadgeCell.swift in Sources */,
				98AE7574277DF6160042D1E6 /* ImageCache.swift in Sources */,
				98AE756E277DDDB80042D1E6 /* MemoryStorage.swift in Sources */,
				98AE756C277DD2890042D1E6 /* UIImageView+Ex.swift in Sources */,
				983DB446277EE4BD004CC8CA /* CellRepresentable.swift in Sources */,
				98E6FA11277F5FDC00C0EC6A /* ActivityViewCell.swift in Sources */,
				98949DB6277C9C7B00C29734 /* UIView+Ext.swift in Sources */,
				9898CBEB277B3DAE00D89E60 /* RecentSearchHistoryCell.swift in Sources */,
				98AE7572277DE1950042D1E6 /* DiskStorage.swift in Sources */,
				98AC8A3B278002F900B8FBB3 /* AppInfoViewModel.swift in Sources */,
				983DB453277EF0D5004CC8CA /* UITableView+Ext.swift in Sources */,
				37F4AD54277AE7CB00941E21 /* SYError.swift in Sources */,
				98AC8A502780416B00B8FBB3 /* String+Ext.swift in Sources */,
				37F4AD4D277AD84700941E21 /* SYCoreDataManager.swift in Sources */,
			);
			runOnlyForDeploymentPostprocessing = 0;
		};
/* End PBXSourcesBuildPhase section */

/* Begin PBXVariantGroup section */
		37F4AD32277AD16700941E21 /* Main.storyboard */ = {
			isa = PBXVariantGroup;
			children = (
				37F4AD33277AD16700941E21 /* Base */,
			);
			name = Main.storyboard;
			sourceTree = "<group>";
		};
		37F4AD37277AD16A00941E21 /* LaunchScreen.storyboard */ = {
			isa = PBXVariantGroup;
			children = (
				37F4AD38277AD16A00941E21 /* Base */,
			);
			name = LaunchScreen.storyboard;
			sourceTree = "<group>";
		};
/* End PBXVariantGroup section */

/* Begin XCBuildConfiguration section */
		37F4AD3B277AD16A00941E21 /* Debug */ = {
			isa = XCBuildConfiguration;
			buildSettings = {
				ALWAYS_SEARCH_USER_PATHS = NO;
				CLANG_ANALYZER_NONNULL = YES;
				CLANG_ANALYZER_NUMBER_OBJECT_CONVERSION = YES_AGGRESSIVE;
				CLANG_CXX_LANGUAGE_STANDARD = "gnu++17";
				CLANG_CXX_LIBRARY = "libc++";
				CLANG_ENABLE_MODULES = YES;
				CLANG_ENABLE_OBJC_ARC = YES;
				CLANG_ENABLE_OBJC_WEAK = YES;
				CLANG_WARN_BLOCK_CAPTURE_AUTORELEASING = YES;
				CLANG_WARN_BOOL_CONVERSION = YES;
				CLANG_WARN_COMMA = YES;
				CLANG_WARN_CONSTANT_CONVERSION = YES;
				CLANG_WARN_DEPRECATED_OBJC_IMPLEMENTATIONS = YES;
				CLANG_WARN_DIRECT_OBJC_ISA_USAGE = YES_ERROR;
				CLANG_WARN_DOCUMENTATION_COMMENTS = YES;
				CLANG_WARN_EMPTY_BODY = YES;
				CLANG_WARN_ENUM_CONVERSION = YES;
				CLANG_WARN_INFINITE_RECURSION = YES;
				CLANG_WARN_INT_CONVERSION = YES;
				CLANG_WARN_NON_LITERAL_NULL_CONVERSION = YES;
				CLANG_WARN_OBJC_IMPLICIT_RETAIN_SELF = YES;
				CLANG_WARN_OBJC_LITERAL_CONVERSION = YES;
				CLANG_WARN_OBJC_ROOT_CLASS = YES_ERROR;
				CLANG_WARN_QUOTED_INCLUDE_IN_FRAMEWORK_HEADER = YES;
				CLANG_WARN_RANGE_LOOP_ANALYSIS = YES;
				CLANG_WARN_STRICT_PROTOTYPES = YES;
				CLANG_WARN_SUSPICIOUS_MOVE = YES;
				CLANG_WARN_UNGUARDED_AVAILABILITY = YES_AGGRESSIVE;
				CLANG_WARN_UNREACHABLE_CODE = YES;
				CLANG_WARN__DUPLICATE_METHOD_MATCH = YES;
				COPY_PHASE_STRIP = NO;
				DEBUG_INFORMATION_FORMAT = dwarf;
				ENABLE_STRICT_OBJC_MSGSEND = YES;
				ENABLE_TESTABILITY = YES;
				GCC_C_LANGUAGE_STANDARD = gnu11;
				GCC_DYNAMIC_NO_PIC = NO;
				GCC_NO_COMMON_BLOCKS = YES;
				GCC_OPTIMIZATION_LEVEL = 0;
				GCC_PREPROCESSOR_DEFINITIONS = (
					"DEBUG=1",
					"$(inherited)",
				);
				GCC_WARN_64_TO_32_BIT_CONVERSION = YES;
				GCC_WARN_ABOUT_RETURN_TYPE = YES_ERROR;
				GCC_WARN_UNDECLARED_SELECTOR = YES;
				GCC_WARN_UNINITIALIZED_AUTOS = YES_AGGRESSIVE;
				GCC_WARN_UNUSED_FUNCTION = YES;
				GCC_WARN_UNUSED_VARIABLE = YES;
				IPHONEOS_DEPLOYMENT_TARGET = 15.0;
				MTL_ENABLE_DEBUG_INFO = INCLUDE_SOURCE;
				MTL_FAST_MATH = YES;
				ONLY_ACTIVE_ARCH = YES;
				SDKROOT = iphoneos;
				SWIFT_ACTIVE_COMPILATION_CONDITIONS = DEBUG;
				SWIFT_OPTIMIZATION_LEVEL = "-Onone";
			};
			name = Debug;
		};
		37F4AD3C277AD16A00941E21 /* Release */ = {
			isa = XCBuildConfiguration;
			buildSettings = {
				ALWAYS_SEARCH_USER_PATHS = NO;
				CLANG_ANALYZER_NONNULL = YES;
				CLANG_ANALYZER_NUMBER_OBJECT_CONVERSION = YES_AGGRESSIVE;
				CLANG_CXX_LANGUAGE_STANDARD = "gnu++17";
				CLANG_CXX_LIBRARY = "libc++";
				CLANG_ENABLE_MODULES = YES;
				CLANG_ENABLE_OBJC_ARC = YES;
				CLANG_ENABLE_OBJC_WEAK = YES;
				CLANG_WARN_BLOCK_CAPTURE_AUTORELEASING = YES;
				CLANG_WARN_BOOL_CONVERSION = YES;
				CLANG_WARN_COMMA = YES;
				CLANG_WARN_CONSTANT_CONVERSION = YES;
				CLANG_WARN_DEPRECATED_OBJC_IMPLEMENTATIONS = YES;
				CLANG_WARN_DIRECT_OBJC_ISA_USAGE = YES_ERROR;
				CLANG_WARN_DOCUMENTATION_COMMENTS = YES;
				CLANG_WARN_EMPTY_BODY = YES;
				CLANG_WARN_ENUM_CONVERSION = YES;
				CLANG_WARN_INFINITE_RECURSION = YES;
				CLANG_WARN_INT_CONVERSION = YES;
				CLANG_WARN_NON_LITERAL_NULL_CONVERSION = YES;
				CLANG_WARN_OBJC_IMPLICIT_RETAIN_SELF = YES;
				CLANG_WARN_OBJC_LITERAL_CONVERSION = YES;
				CLANG_WARN_OBJC_ROOT_CLASS = YES_ERROR;
				CLANG_WARN_QUOTED_INCLUDE_IN_FRAMEWORK_HEADER = YES;
				CLANG_WARN_RANGE_LOOP_ANALYSIS = YES;
				CLANG_WARN_STRICT_PROTOTYPES = YES;
				CLANG_WARN_SUSPICIOUS_MOVE = YES;
				CLANG_WARN_UNGUARDED_AVAILABILITY = YES_AGGRESSIVE;
				CLANG_WARN_UNREACHABLE_CODE = YES;
				CLANG_WARN__DUPLICATE_METHOD_MATCH = YES;
				COPY_PHASE_STRIP = NO;
				DEBUG_INFORMATION_FORMAT = "dwarf-with-dsym";
				ENABLE_NS_ASSERTIONS = NO;
				ENABLE_STRICT_OBJC_MSGSEND = YES;
				GCC_C_LANGUAGE_STANDARD = gnu11;
				GCC_NO_COMMON_BLOCKS = YES;
				GCC_WARN_64_TO_32_BIT_CONVERSION = YES;
				GCC_WARN_ABOUT_RETURN_TYPE = YES_ERROR;
				GCC_WARN_UNDECLARED_SELECTOR = YES;
				GCC_WARN_UNINITIALIZED_AUTOS = YES_AGGRESSIVE;
				GCC_WARN_UNUSED_FUNCTION = YES;
				GCC_WARN_UNUSED_VARIABLE = YES;
				IPHONEOS_DEPLOYMENT_TARGET = 15.0;
				MTL_ENABLE_DEBUG_INFO = NO;
				MTL_FAST_MATH = YES;
				SDKROOT = iphoneos;
				SWIFT_COMPILATION_MODE = wholemodule;
				SWIFT_OPTIMIZATION_LEVEL = "-O";
				VALIDATE_PRODUCT = YES;
			};
			name = Release;
		};
		37F4AD3E277AD16A00941E21 /* Debug */ = {
			isa = XCBuildConfiguration;
			baseConfigurationReference = 676E5203FF58DC7D432EE436 /* Pods-Search.debug.xcconfig */;
			buildSettings = {
				ASSETCATALOG_COMPILER_APPICON_NAME = AppIcon;
				ASSETCATALOG_COMPILER_GLOBAL_ACCENT_COLOR_NAME = AccentColor;
				CODE_SIGN_STYLE = Automatic;
				CURRENT_PROJECT_VERSION = 1;
				DEVELOPMENT_TEAM = ALMEYPZQ7A;
				GENERATE_INFOPLIST_FILE = YES;
				INFOPLIST_FILE = Search/Info.plist;
				INFOPLIST_KEY_UIApplicationSupportsIndirectInputEvents = YES;
				INFOPLIST_KEY_UILaunchStoryboardName = LaunchScreen;
				INFOPLIST_KEY_UIMainStoryboardFile = Main;
				INFOPLIST_KEY_UISupportedInterfaceOrientations_iPad = "UIInterfaceOrientationPortrait UIInterfaceOrientationPortraitUpsideDown UIInterfaceOrientationLandscapeLeft UIInterfaceOrientationLandscapeRight";
				INFOPLIST_KEY_UISupportedInterfaceOrientations_iPhone = "UIInterfaceOrientationPortrait UIInterfaceOrientationLandscapeLeft UIInterfaceOrientationLandscapeRight";
				LD_RUNPATH_SEARCH_PATHS = (
					"$(inherited)",
					"@executable_path/Frameworks",
				);
				MARKETING_VERSION = 1.0;
				PRODUCT_BUNDLE_IDENTIFIER = developers.Search;
				PRODUCT_NAME = "$(TARGET_NAME)";
				SWIFT_EMIT_LOC_STRINGS = YES;
				SWIFT_VERSION = 5.0;
				TARGETED_DEVICE_FAMILY = "1,2";
			};
			name = Debug;
		};
		37F4AD3F277AD16A00941E21 /* Release */ = {
			isa = XCBuildConfiguration;
			baseConfigurationReference = EC1B6C6D0A28ECCE31A39B3F /* Pods-Search.release.xcconfig */;
			buildSettings = {
				ASSETCATALOG_COMPILER_APPICON_NAME = AppIcon;
				ASSETCATALOG_COMPILER_GLOBAL_ACCENT_COLOR_NAME = AccentColor;
				CODE_SIGN_STYLE = Automatic;
				CURRENT_PROJECT_VERSION = 1;
				DEVELOPMENT_TEAM = ALMEYPZQ7A;
				GENERATE_INFOPLIST_FILE = YES;
				INFOPLIST_FILE = Search/Info.plist;
				INFOPLIST_KEY_UIApplicationSupportsIndirectInputEvents = YES;
				INFOPLIST_KEY_UILaunchStoryboardName = LaunchScreen;
				INFOPLIST_KEY_UIMainStoryboardFile = Main;
				INFOPLIST_KEY_UISupportedInterfaceOrientations_iPad = "UIInterfaceOrientationPortrait UIInterfaceOrientationPortraitUpsideDown UIInterfaceOrientationLandscapeLeft UIInterfaceOrientationLandscapeRight";
				INFOPLIST_KEY_UISupportedInterfaceOrientations_iPhone = "UIInterfaceOrientationPortrait UIInterfaceOrientationLandscapeLeft UIInterfaceOrientationLandscapeRight";
				LD_RUNPATH_SEARCH_PATHS = (
					"$(inherited)",
					"@executable_path/Frameworks",
				);
				MARKETING_VERSION = 1.0;
				PRODUCT_BUNDLE_IDENTIFIER = developers.Search;
				PRODUCT_NAME = "$(TARGET_NAME)";
				SWIFT_EMIT_LOC_STRINGS = YES;
				SWIFT_VERSION = 5.0;
				TARGETED_DEVICE_FAMILY = "1,2";
			};
			name = Release;
		};
/* End XCBuildConfiguration section */

/* Begin XCConfigurationList section */
		37F4AD24277AD16600941E21 /* Build configuration list for PBXProject "Search" */ = {
			isa = XCConfigurationList;
			buildConfigurations = (
				37F4AD3B277AD16A00941E21 /* Debug */,
				37F4AD3C277AD16A00941E21 /* Release */,
			);
			defaultConfigurationIsVisible = 0;
			defaultConfigurationName = Release;
		};
		37F4AD3D277AD16A00941E21 /* Build configuration list for PBXNativeTarget "Search" */ = {
			isa = XCConfigurationList;
			buildConfigurations = (
				37F4AD3E277AD16A00941E21 /* Debug */,
				37F4AD3F277AD16A00941E21 /* Release */,
			);
			defaultConfigurationIsVisible = 0;
			defaultConfigurationName = Release;
		};
/* End XCConfigurationList section */

/* Begin XCVersionGroup section */
		37F4AD40277AD65F00941E21 /* RecentSearchWordModel.xcdatamodeld */ = {
			isa = XCVersionGroup;
			children = (
				37F4AD41277AD65F00941E21 /* RecentSearchWordModel.xcdatamodel */,
			);
			currentVersion = 37F4AD41277AD65F00941E21 /* RecentSearchWordModel.xcdatamodel */;
			path = RecentSearchWordModel.xcdatamodeld;
			sourceTree = "<group>";
			versionGroupType = wrapper.xcdatamodel;
		};
/* End XCVersionGroup section */
	};
	rootObject = 37F4AD21277AD16600941E21 /* Project object */;
}
